
Microsoft Visual Studio Solution File, Format Version 12.00
# Visual Studio Version 16
VisualStudioVersion = 16.0.30804.86
MinimumVisualStudioVersion = 10.0.40219.1
Project("{9A19103F-16F7-4668-BE54-9A1E7A4F7556}") = "Donguler", "Donguler\Donguler.csproj", "{0C4BF322-5BE7-42A1-9B93-869089DE1DAD}"
EndProject
Project("{9A19103F-16F7-4668-BE54-9A1E7A4F7556}") = "classintro", "classintro\classintro.csproj", "{04A010B6-E17C-4D9E-B0A3-A61F08632B98}"
EndProject
Project("{9A19103F-16F7-4668-BE54-9A1E7A4F7556}") = "metodlar", "metodlar\metodlar.csproj", "{61011CFB-5D6D-49BF-ADEA-7773075A5F26}"
EndProject
Project("{9A19103F-16F7-4668-BE54-9A1E7A4F7556}") = "matematik", "matematik\matematik.csproj", "{5C3339CB-F1F4-4EC2-A426-5AA24AB2D398}"
EndProject
Project("{9A19103F-16F7-4668-BE54-9A1E7A4F7556}") = "DegerReferansTipleri", "DegerReferansTipleri\DegerReferansTipleri.csproj", "{5CF56681-593E-4AB3-A1DD-371DC652E32B}"
EndProject
Project("{9A19103F-16F7-4668-BE54-9A1E7A4F7556}") = "ClassMetotDemo", "ClassMetotDemo\ClassMetotDemo\ClassMetotDemo.csproj", "{7CFEC316-9A03-4802-83D3-9FEA70C5B3FE}"
EndProject
Project("{9A19103F-16F7-4668-BE54-9A1E7A4F7556}") = "Deneme", "Deneme\Deneme\Deneme.csproj", "{80752F43-3D11-43B3-8021-9C3DC7285CD8}"
EndProject
Project("{9A19103F-16F7-4668-BE54-9A1E7A4F7556}") = "OOP1", "OOP1\OOP1.csproj", "{CFE43227-0ACC-41F5-8E73-2D949903216C}"
EndProject
Project("{9A19103F-16F7-4668-BE54-9A1E7A4F7556}") = "Collections", "Collections\Collections.csproj", "{F4F5B46D-8C57-4819-BF32-B91B77EC9FD2}"
EndProject
Project("{9A19103F-16F7-4668-BE54-9A1E7A4F7556}") = "GenericsIntro", "GenericsIntro\GenericsIntro.csproj", "{EA86CA15-628F-47E7-B6D2-6BA33748AEFA}"
EndProject
Project("{9A19103F-16F7-4668-BE54-9A1E7A4F7556}") = "Generics", "Generics\Generics.csproj", "{0C8AF155-C7DA-45F6-97C7-E76454D7C92A}"
EndProject
Project("{9A19103F-16F7-4668-BE54-9A1E7A4F7556}") = "MyDictionary", "MyDictionary\MyDictionary.csproj", "{A54B7DB7-A6DE-48C4-BA78-30FF9B73D623}"
EndProject
Project("{9A19103F-16F7-4668-BE54-9A1E7A4F7556}") = "OOP2", "OOP2\OOP2.csproj", "{2C0CB13D-265F-4F5B-9339-3B20EBF9A3CA}"
EndProject
Project("{9A19103F-16F7-4668-BE54-9A1E7A4F7556}") = "OOP3", "OOP3\OOP3.csproj", "{4FDB490C-1B07-43DD-8ECD-BFA5827D0C02}"
EndProject
Project("{FAE04EC0-301F-11D3-BF4B-00C04F79EFBC}") = "RecapDemo1", "DamaTahtasi\RecapDemo1.csproj", "{BB19D2D7-BA34-4155-96D0-51D9633B3B6D}"
EndProject
Project("{FAE04EC0-301F-11D3-BF4B-00C04F79EFBC}") = "Interfaces", "Interfaces\Interfaces.csproj", "{74C0EF45-7DF5-4486-A012-6C4CB9AEEDEE}"
EndProject
Global
	GlobalSection(SolutionConfigurationPlatforms) = preSolution
		Debug|Any CPU = Debug|Any CPU
		Release|Any CPU = Release|Any CPU
	EndGlobalSection
	GlobalSection(ProjectConfigurationPlatforms) = postSolution
		{0C4BF322-5BE7-42A1-9B93-869089DE1DAD}.Debug|Any CPU.ActiveCfg = Debug|Any CPU
		{0C4BF322-5BE7-42A1-9B93-869089DE1DAD}.Debug|Any CPU.Build.0 = Debug|Any CPU
		{0C4BF322-5BE7-42A1-9B93-869089DE1DAD}.Release|Any CPU.ActiveCfg = Release|Any CPU
		{0C4BF322-5BE7-42A1-9B93-869089DE1DAD}.Release|Any CPU.Build.0 = Release|Any CPU
		{04A010B6-E17C-4D9E-B0A3-A61F08632B98}.Debug|Any CPU.ActiveCfg = Debug|Any CPU
		{04A010B6-E17C-4D9E-B0A3-A61F08632B98}.Debug|Any CPU.Build.0 = Debug|Any CPU
		{04A010B6-E17C-4D9E-B0A3-A61F08632B98}.Release|Any CPU.ActiveCfg = Release|Any CPU
		{04A010B6-E17C-4D9E-B0A3-A61F08632B98}.Release|Any CPU.Build.0 = Release|Any CPU
		{61011CFB-5D6D-49BF-ADEA-7773075A5F26}.Debug|Any CPU.ActiveCfg = Debug|Any CPU
		{61011CFB-5D6D-49BF-ADEA-7773075A5F26}.Debug|Any CPU.Build.0 = Debug|Any CPU
		{61011CFB-5D6D-49BF-ADEA-7773075A5F26}.Release|Any CPU.ActiveCfg = Release|Any CPU
		{61011CFB-5D6D-49BF-ADEA-7773075A5F26}.Release|Any CPU.Build.0 = Release|Any CPU
		{5C3339CB-F1F4-4EC2-A426-5AA24AB2D398}.Debug|Any CPU.ActiveCfg = Debug|Any CPU
		{5C3339CB-F1F4-4EC2-A426-5AA24AB2D398}.Debug|Any CPU.Build.0 = Debug|Any CPU
		{5C3339CB-F1F4-4EC2-A426-5AA24AB2D398}.Release|Any CPU.ActiveCfg = Release|Any CPU
		{5C3339CB-F1F4-4EC2-A426-5AA24AB2D398}.Release|Any CPU.Build.0 = Release|Any CPU
		{5CF56681-593E-4AB3-A1DD-371DC652E32B}.Debug|Any CPU.ActiveCfg = Debug|Any CPU
		{5CF56681-593E-4AB3-A1DD-371DC652E32B}.Debug|Any CPU.Build.0 = Debug|Any CPU
		{5CF56681-593E-4AB3-A1DD-371DC652E32B}.Release|Any CPU.ActiveCfg = Release|Any CPU
		{5CF56681-593E-4AB3-A1DD-371DC652E32B}.Release|Any CPU.Build.0 = Release|Any CPU
		{7CFEC316-9A03-4802-83D3-9FEA70C5B3FE}.Debug|Any CPU.ActiveCfg = Debug|Any CPU
		{7CFEC316-9A03-4802-83D3-9FEA70C5B3FE}.Debug|Any CPU.Build.0 = Debug|Any CPU
		{7CFEC316-9A03-4802-83D3-9FEA70C5B3FE}.Release|Any CPU.ActiveCfg = Release|Any CPU
		{7CFEC316-9A03-4802-83D3-9FEA70C5B3FE}.Release|Any CPU.Build.0 = Release|Any CPU
		{80752F43-3D11-43B3-8021-9C3DC7285CD8}.Debug|Any CPU.ActiveCfg = Debug|Any CPU
		{80752F43-3D11-43B3-8021-9C3DC7285CD8}.Debug|Any CPU.Build.0 = Debug|Any CPU
		{80752F43-3D11-43B3-8021-9C3DC7285CD8}.Release|Any CPU.ActiveCfg = Release|Any CPU
		{80752F43-3D11-43B3-8021-9C3DC7285CD8}.Release|Any CPU.Build.0 = Release|Any CPU
		{CFE43227-0ACC-41F5-8E73-2D949903216C}.Debug|Any CPU.ActiveCfg = Debug|Any CPU
		{CFE43227-0ACC-41F5-8E73-2D949903216C}.Debug|Any CPU.Build.0 = Debug|Any CPU
		{CFE43227-0ACC-41F5-8E73-2D949903216C}.Release|Any CPU.ActiveCfg = Release|Any CPU
		{CFE43227-0ACC-41F5-8E73-2D949903216C}.Release|Any CPU.Build.0 = Release|Any CPU
		{F4F5B46D-8C57-4819-BF32-B91B77EC9FD2}.Debug|Any CPU.ActiveCfg = Debug|Any CPU
		{F4F5B46D-8C57-4819-BF32-B91B77EC9FD2}.Debug|Any CPU.Build.0 = Debug|Any CPU
		{F4F5B46D-8C57-4819-BF32-B91B77EC9FD2}.Release|Any CPU.ActiveCfg = Release|Any CPU
		{F4F5B46D-8C57-4819-BF32-B91B77EC9FD2}.Release|Any CPU.Build.0 = Release|Any CPU
		{EA86CA15-628F-47E7-B6D2-6BA33748AEFA}.Debug|Any CPU.ActiveCfg = Debug|Any CPU
		{EA86CA15-628F-47E7-B6D2-6BA33748AEFA}.Debug|Any CPU.Build.0 = Debug|Any CPU
		{EA86CA15-628F-47E7-B6D2-6BA33748AEFA}.Release|Any CPU.ActiveCfg = Release|Any CPU
		{EA86CA15-628F-47E7-B6D2-6BA33748AEFA}.Release|Any CPU.Build.0 = Release|Any CPU
		{0C8AF155-C7DA-45F6-97C7-E76454D7C92A}.Debug|Any CPU.ActiveCfg = Debug|Any CPU
		{0C8AF155-C7DA-45F6-97C7-E76454D7C92A}.Debug|Any CPU.Build.0 = Debug|Any CPU
		{0C8AF155-C7DA-45F6-97C7-E76454D7C92A}.Release|Any CPU.ActiveCfg = Release|Any CPU
		{0C8AF155-C7DA-45F6-97C7-E76454D7C92A}.Release|Any CPU.Build.0 = Release|Any CPU
		{A54B7DB7-A6DE-48C4-BA78-30FF9B73D623}.Debug|Any CPU.ActiveCfg = Debug|Any CPU
		{A54B7DB7-A6DE-48C4-BA78-30FF9B73D623}.Debug|Any CPU.Build.0 = Debug|Any CPU
		{A54B7DB7-A6DE-48C4-BA78-30FF9B73D623}.Release|Any CPU.ActiveCfg = Release|Any CPU
		{A54B7DB7-A6DE-48C4-BA78-30FF9B73D623}.Release|Any CPU.Build.0 = Release|Any CPU
		{2C0CB13D-265F-4F5B-9339-3B20EBF9A3CA}.Debug|Any CPU.ActiveCfg = Debug|Any CPU
		{2C0CB13D-265F-4F5B-9339-3B20EBF9A3CA}.Debug|Any CPU.Build.0 = Debug|Any CPU
		{2C0CB13D-265F-4F5B-9339-3B20EBF9A3CA}.Release|Any CPU.ActiveCfg = Release|Any CPU
		{2C0CB13D-265F-4F5B-9339-3B20EBF9A3CA}.Release|Any CPU.Build.0 = Release|Any CPU
		{4FDB490C-1B07-43DD-8ECD-BFA5827D0C02}.Debug|Any CPU.ActiveCfg = Debug|Any CPU
		{4FDB490C-1B07-43DD-8ECD-BFA5827D0C02}.Debug|Any CPU.Build.0 = Debug|Any CPU
		{4FDB490C-1B07-43DD-8ECD-BFA5827D0C02}.Release|Any CPU.ActiveCfg = Release|Any CPU
		{4FDB490C-1B07-43DD-8ECD-BFA5827D0C02}.Release|Any CPU.Build.0 = Release|Any CPU
		{BB19D2D7-BA34-4155-96D0-51D9633B3B6D}.Debug|Any CPU.ActiveCfg = Debug|Any CPU
		{BB19D2D7-BA34-4155-96D0-51D9633B3B6D}.Debug|Any CPU.Build.0 = Debug|Any CPU
		{BB19D2D7-BA34-4155-96D0-51D9633B3B6D}.Release|Any CPU.ActiveCfg = Release|Any CPU
		{BB19D2D7-BA34-4155-96D0-51D9633B3B6D}.Release|Any CPU.Build.0 = Release|Any CPU
		{74C0EF45-7DF5-4486-A012-6C4CB9AEEDEE}.Debug|Any CPU.ActiveCfg = Debug|Any CPU
		{74C0EF45-7DF5-4486-A012-6C4CB9AEEDEE}.Debug|Any CPU.Build.0 = Debug|Any CPU
		{74C0EF45-7DF5-4486-A012-6C4CB9AEEDEE}.Release|Any CPU.ActiveCfg = Release|Any CPU
		{74C0EF45-7DF5-4486-A012-6C4CB9AEEDEE}.Release|Any CPU.Build.0 = Release|Any CPU
	EndGlobalSection
	GlobalSection(SolutionProperties) = preSolution
		HideSolutionNode = FALSE
	EndGlobalSection
	GlobalSection(ExtensibilityGlobals) = postSolution
		SolutionGuid = {4A2E3426-030A-4505-AFDD-31659E65CEA5}
	EndGlobalSection
EndGlobal
